// !$*UTF8*$!
{
	archiveVersion = 1;
	classes = {
	};
	objectVersion = 46;
	objects = {

/* Begin PBXBuildFile section */
		D90B736A1D34AB5000CA9B93 /* StatusModel.swift in Sources */ = {isa = PBXBuildFile; fileRef = D90B73691D34AB5000CA9B93 /* StatusModel.swift */; };
		D9145EA91D1CE74C009128E1 /* OpenStreetMapFinder.swift in Sources */ = {isa = PBXBuildFile; fileRef = D9145EA81D1CE74C009128E1 /* OpenStreetMapFinder.swift */; };
		D9145EAB1D1CE75E009128E1 /* OpenStreetMapModel.swift in Sources */ = {isa = PBXBuildFile; fileRef = D9145EAA1D1CE75E009128E1 /* OpenStreetMapModel.swift */; };
		D91C6EFE1D1B727000923644 /* OpenStreetMapParser.swift in Sources */ = {isa = PBXBuildFile; fileRef = D91C6EFD1D1B727000923644 /* OpenStreetMapParser.swift */; };
		D91E96501D3355E50089B9EA /* Assets.xcassets in Resources */ = {isa = PBXBuildFile; fileRef = D9F5ED471D2B115500482368 /* Assets.xcassets */; };
		D92192861D2A3DCE0002BFE2 /* LoadingModel.swift in Sources */ = {isa = PBXBuildFile; fileRef = D92192851D2A3DCE0002BFE2 /* LoadingModel.swift */; };
		D9262B0D1D5D16D7007194B0 /* ViewModel.swift in Sources */ = {isa = PBXBuildFile; fileRef = D9262B0C1D5D16D7007194B0 /* ViewModel.swift */; };
		D92EE0571D3337C500243799 /* RingModel.swift in Sources */ = {isa = PBXBuildFile; fileRef = D92EE0561D3337C500243799 /* RingModel.swift */; };
		D92FA5901D1DC10900B7FACC /* SpeedModel.swift in Sources */ = {isa = PBXBuildFile; fileRef = D92FA58F1D1DC10900B7FACC /* SpeedModel.swift */; };
		D94AC8D71D2A73CF006B13AD /* GreenButton.png in Resources */ = {isa = PBXBuildFile; fileRef = D94AC8D51D2A73CF006B13AD /* GreenButton.png */; };
		D94AC8D81D2A73CF006B13AD /* WhiteButton.png in Resources */ = {isa = PBXBuildFile; fileRef = D94AC8D61D2A73CF006B13AD /* WhiteButton.png */; };
		D94AC8DB1D2A7440006B13AD /* IconLogoBlackWhite.jpg in Resources */ = {isa = PBXBuildFile; fileRef = D94AC8D91D2A7440006B13AD /* IconLogoBlackWhite.jpg */; };
		D94AC8DC1D2A7440006B13AD /* IconLogoWhiteGreen.jpg in Resources */ = {isa = PBXBuildFile; fileRef = D94AC8DA1D2A7440006B13AD /* IconLogoWhiteGreen.jpg */; };
		D94AC8DE1D2A74D1006B13AD /* LocationRequestViewController.swift in Sources */ = {isa = PBXBuildFile; fileRef = D94AC8DD1D2A74D1006B13AD /* LocationRequestViewController.swift */; };
		D94AC8E01D2A74E0006B13AD /* LocationSettingViewController.swift in Sources */ = {isa = PBXBuildFile; fileRef = D94AC8DF1D2A74E0006B13AD /* LocationSettingViewController.swift */; };
		D957CF0A1D1F4B9100DBE484 /* InAppPurchaseModel.swift in Sources */ = {isa = PBXBuildFile; fileRef = D957CF091D1F4B9100DBE484 /* InAppPurchaseModel.swift */; };
		D968FAA21D5C201F00C4E3C7 /* AlertModel.swift in Sources */ = {isa = PBXBuildFile; fileRef = D968FAA11D5C201F00C4E3C7 /* AlertModel.swift */; };
		D991BDEC1D1C061C0039BCCB /* OpenStreetMapData.swift in Sources */ = {isa = PBXBuildFile; fileRef = D991BDEB1D1C061C0039BCCB /* OpenStreetMapData.swift */; };
		D994F3571D28BEED00E73A85 /* Setting.png in Resources */ = {isa = PBXBuildFile; fileRef = D994F3561D28BEED00E73A85 /* Setting.png */; };
		D994F35E1D28C8C500E73A85 /* AudioModel.swift in Sources */ = {isa = PBXBuildFile; fileRef = D994F35D1D28C8C500E73A85 /* AudioModel.swift */; };
		D994F3601D28E18100E73A85 /* DoubleBeep.mp3 in Resources */ = {isa = PBXBuildFile; fileRef = D994F35F1D28E18100E73A85 /* DoubleBeep.mp3 */; };
		D9A49C141D29753A00338883 /* SettingModel.swift in Sources */ = {isa = PBXBuildFile; fileRef = D9A49C131D29753A00338883 /* SettingModel.swift */; };
		D9A49C161D298FA300338883 /* SettingViewController.swift in Sources */ = {isa = PBXBuildFile; fileRef = D9A49C151D298FA300338883 /* SettingViewController.swift */; };
		D9A5EF6B1D1B079F0077C1C0 /* AppDelegate.swift in Sources */ = {isa = PBXBuildFile; fileRef = D9A5EF6A1D1B079F0077C1C0 /* AppDelegate.swift */; };
		D9A5EF6D1D1B079F0077C1C0 /* ViewController.swift in Sources */ = {isa = PBXBuildFile; fileRef = D9A5EF6C1D1B079F0077C1C0 /* ViewController.swift */; };
		D9A5EF701D1B079F0077C1C0 /* Main.storyboard in Resources */ = {isa = PBXBuildFile; fileRef = D9A5EF6E1D1B079F0077C1C0 /* Main.storyboard */; };
		D9A5EF721D1B079F0077C1C0 /* Assets.xcassets in Resources */ = {isa = PBXBuildFile; fileRef = D9A5EF711D1B079F0077C1C0 /* Assets.xcassets */; };
		D9A5EF751D1B079F0077C1C0 /* LaunchScreen.storyboard in Resources */ = {isa = PBXBuildFile; fileRef = D9A5EF731D1B079F0077C1C0 /* LaunchScreen.storyboard */; };
		D9A5EF801D1B079F0077C1C0 /* LimitTests.swift in Sources */ = {isa = PBXBuildFile; fileRef = D9A5EF7F1D1B079F0077C1C0 /* LimitTests.swift */; };
		D9A5EF8B1D1B079F0077C1C0 /* LimitUITests.swift in Sources */ = {isa = PBXBuildFile; fileRef = D9A5EF8A1D1B079F0077C1C0 /* LimitUITests.swift */; };
		D9A5EF991D1B175D0077C1C0 /* LocationModel.swift in Sources */ = {isa = PBXBuildFile; fileRef = D9A5EF981D1B175D0077C1C0 /* LocationModel.swift */; };
		D9A5EF9B1D1B2D420077C1C0 /* LocationData.swift in Sources */ = {isa = PBXBuildFile; fileRef = D9A5EF9A1D1B2D420077C1C0 /* LocationData.swift */; };
		D9AC102F1D29D75F00B75B04 /* LoadingViewController.swift in Sources */ = {isa = PBXBuildFile; fileRef = D9AC102E1D29D75F00B75B04 /* LoadingViewController.swift */; };
		D9AC10311D29DB7E00B75B04 /* Loading.gif in Resources */ = {isa = PBXBuildFile; fileRef = D9AC10301D29DB7E00B75B04 /* Loading.gif */; };
		D9E643FB1D336E7E00637982 /* SanFranciscoDisplay-Black.otf in Resources */ = {isa = PBXBuildFile; fileRef = D9E643E61D336E7E00637982 /* SanFranciscoDisplay-Black.otf */; };
		D9E643FC1D336E7E00637982 /* SanFranciscoDisplay-Black.otf in Resources */ = {isa = PBXBuildFile; fileRef = D9E643E61D336E7E00637982 /* SanFranciscoDisplay-Black.otf */; };
		D9E643FD1D336E7E00637982 /* SanFranciscoDisplay-Bold.otf in Resources */ = {isa = PBXBuildFile; fileRef = D9E643E71D336E7E00637982 /* SanFranciscoDisplay-Bold.otf */; };
		D9E643FE1D336E7E00637982 /* SanFranciscoDisplay-Bold.otf in Resources */ = {isa = PBXBuildFile; fileRef = D9E643E71D336E7E00637982 /* SanFranciscoDisplay-Bold.otf */; };
		D9E643FF1D336E7E00637982 /* SanFranciscoDisplay-Heavy.otf in Resources */ = {isa = PBXBuildFile; fileRef = D9E643E81D336E7E00637982 /* SanFranciscoDisplay-Heavy.otf */; };
		D9E644001D336E7E00637982 /* SanFranciscoDisplay-Heavy.otf in Resources */ = {isa = PBXBuildFile; fileRef = D9E643E81D336E7E00637982 /* SanFranciscoDisplay-Heavy.otf */; };
		D9E644011D336E7E00637982 /* SanFranciscoDisplay-Light.otf in Resources */ = {isa = PBXBuildFile; fileRef = D9E643E91D336E7E00637982 /* SanFranciscoDisplay-Light.otf */; };
		D9E644021D336E7E00637982 /* SanFranciscoDisplay-Light.otf in Resources */ = {isa = PBXBuildFile; fileRef = D9E643E91D336E7E00637982 /* SanFranciscoDisplay-Light.otf */; };
		D9E644031D336E7E00637982 /* SanFranciscoDisplay-Medium.otf in Resources */ = {isa = PBXBuildFile; fileRef = D9E643EA1D336E7E00637982 /* SanFranciscoDisplay-Medium.otf */; };
		D9E644041D336E7E00637982 /* SanFranciscoDisplay-Medium.otf in Resources */ = {isa = PBXBuildFile; fileRef = D9E643EA1D336E7E00637982 /* SanFranciscoDisplay-Medium.otf */; };
		D9E644051D336E7E00637982 /* SanFranciscoDisplay-Regular.otf in Resources */ = {isa = PBXBuildFile; fileRef = D9E643EB1D336E7E00637982 /* SanFranciscoDisplay-Regular.otf */; };
		D9E644061D336E7E00637982 /* SanFranciscoDisplay-Regular.otf in Resources */ = {isa = PBXBuildFile; fileRef = D9E643EB1D336E7E00637982 /* SanFranciscoDisplay-Regular.otf */; };
		D9E644071D336E7E00637982 /* SanFranciscoDisplay-Semibold.otf in Resources */ = {isa = PBXBuildFile; fileRef = D9E643EC1D336E7E00637982 /* SanFranciscoDisplay-Semibold.otf */; };
		D9E644081D336E7E00637982 /* SanFranciscoDisplay-Semibold.otf in Resources */ = {isa = PBXBuildFile; fileRef = D9E643EC1D336E7E00637982 /* SanFranciscoDisplay-Semibold.otf */; };
		D9E644091D336E7E00637982 /* SanFranciscoDisplay-Thin.otf in Resources */ = {isa = PBXBuildFile; fileRef = D9E643ED1D336E7E00637982 /* SanFranciscoDisplay-Thin.otf */; };
		D9E6440A1D336E7E00637982 /* SanFranciscoDisplay-Thin.otf in Resources */ = {isa = PBXBuildFile; fileRef = D9E643ED1D336E7E00637982 /* SanFranciscoDisplay-Thin.otf */; };
		D9E6440B1D336E7E00637982 /* SanFranciscoDisplay-Ultralight.otf in Resources */ = {isa = PBXBuildFile; fileRef = D9E643EE1D336E7E00637982 /* SanFranciscoDisplay-Ultralight.otf */; };
		D9E6440C1D336E7E00637982 /* SanFranciscoDisplay-Ultralight.otf in Resources */ = {isa = PBXBuildFile; fileRef = D9E643EE1D336E7E00637982 /* SanFranciscoDisplay-Ultralight.otf */; };
		D9E6440D1D336E7E00637982 /* SanFranciscoText-Bold.otf in Resources */ = {isa = PBXBuildFile; fileRef = D9E643EF1D336E7E00637982 /* SanFranciscoText-Bold.otf */; };
		D9E6440E1D336E7E00637982 /* SanFranciscoText-Bold.otf in Resources */ = {isa = PBXBuildFile; fileRef = D9E643EF1D336E7E00637982 /* SanFranciscoText-Bold.otf */; };
		D9E6440F1D336E7E00637982 /* SanFranciscoText-BoldItalic.otf in Resources */ = {isa = PBXBuildFile; fileRef = D9E643F01D336E7E00637982 /* SanFranciscoText-BoldItalic.otf */; };
		D9E644101D336E7E00637982 /* SanFranciscoText-BoldItalic.otf in Resources */ = {isa = PBXBuildFile; fileRef = D9E643F01D336E7E00637982 /* SanFranciscoText-BoldItalic.otf */; };
		D9E644111D336E7E00637982 /* SanFranciscoText-Heavy.otf in Resources */ = {isa = PBXBuildFile; fileRef = D9E643F11D336E7E00637982 /* SanFranciscoText-Heavy.otf */; };
		D9E644121D336E7E00637982 /* SanFranciscoText-Heavy.otf in Resources */ = {isa = PBXBuildFile; fileRef = D9E643F11D336E7E00637982 /* SanFranciscoText-Heavy.otf */; };
		D9E644131D336E7E00637982 /* SanFranciscoText-HeavyItalic.otf in Resources */ = {isa = PBXBuildFile; fileRef = D9E643F21D336E7E00637982 /* SanFranciscoText-HeavyItalic.otf */; };
		D9E644141D336E7E00637982 /* SanFranciscoText-HeavyItalic.otf in Resources */ = {isa = PBXBuildFile; fileRef = D9E643F21D336E7E00637982 /* SanFranciscoText-HeavyItalic.otf */; };
		D9E644151D336E7E00637982 /* SanFranciscoText-Light.otf in Resources */ = {isa = PBXBuildFile; fileRef = D9E643F31D336E7E00637982 /* SanFranciscoText-Light.otf */; };
		D9E644161D336E7E00637982 /* SanFranciscoText-Light.otf in Resources */ = {isa = PBXBuildFile; fileRef = D9E643F31D336E7E00637982 /* SanFranciscoText-Light.otf */; };
		D9E644171D336E7E00637982 /* SanFranciscoText-LightItalic.otf in Resources */ = {isa = PBXBuildFile; fileRef = D9E643F41D336E7E00637982 /* SanFranciscoText-LightItalic.otf */; };
		D9E644181D336E7E00637982 /* SanFranciscoText-LightItalic.otf in Resources */ = {isa = PBXBuildFile; fileRef = D9E643F41D336E7E00637982 /* SanFranciscoText-LightItalic.otf */; };
		D9E644191D336E7E00637982 /* SanFranciscoText-Medium.otf in Resources */ = {isa = PBXBuildFile; fileRef = D9E643F51D336E7E00637982 /* SanFranciscoText-Medium.otf */; };
		D9E6441A1D336E7E00637982 /* SanFranciscoText-Medium.otf in Resources */ = {isa = PBXBuildFile; fileRef = D9E643F51D336E7E00637982 /* SanFranciscoText-Medium.otf */; };
		D9E6441B1D336E7E00637982 /* SanFranciscoText-MediumItalic.otf in Resources */ = {isa = PBXBuildFile; fileRef = D9E643F61D336E7E00637982 /* SanFranciscoText-MediumItalic.otf */; };
		D9E6441C1D336E7E00637982 /* SanFranciscoText-MediumItalic.otf in Resources */ = {isa = PBXBuildFile; fileRef = D9E643F61D336E7E00637982 /* SanFranciscoText-MediumItalic.otf */; };
		D9E6441D1D336E7E00637982 /* SanFranciscoText-Regular.otf in Resources */ = {isa = PBXBuildFile; fileRef = D9E643F71D336E7E00637982 /* SanFranciscoText-Regular.otf */; };
		D9E6441E1D336E7E00637982 /* SanFranciscoText-Regular.otf in Resources */ = {isa = PBXBuildFile; fileRef = D9E643F71D336E7E00637982 /* SanFranciscoText-Regular.otf */; };
		D9E6441F1D336E7E00637982 /* SanFranciscoText-RegularItalic.otf in Resources */ = {isa = PBXBuildFile; fileRef = D9E643F81D336E7E00637982 /* SanFranciscoText-RegularItalic.otf */; };
		D9E644201D336E7E00637982 /* SanFranciscoText-RegularItalic.otf in Resources */ = {isa = PBXBuildFile; fileRef = D9E643F81D336E7E00637982 /* SanFranciscoText-RegularItalic.otf */; };
		D9E644211D336E7E00637982 /* SanFranciscoText-Semibold.otf in Resources */ = {isa = PBXBuildFile; fileRef = D9E643F91D336E7E00637982 /* SanFranciscoText-Semibold.otf */; };
		D9E644221D336E7E00637982 /* SanFranciscoText-Semibold.otf in Resources */ = {isa = PBXBuildFile; fileRef = D9E643F91D336E7E00637982 /* SanFranciscoText-Semibold.otf */; };
		D9E644231D336E7E00637982 /* SanFranciscoText-SemiboldItalic.otf in Resources */ = {isa = PBXBuildFile; fileRef = D9E643FA1D336E7E00637982 /* SanFranciscoText-SemiboldItalic.otf */; };
		D9E644241D336E7E00637982 /* SanFranciscoText-SemiboldItalic.otf in Resources */ = {isa = PBXBuildFile; fileRef = D9E643FA1D336E7E00637982 /* SanFranciscoText-SemiboldItalic.otf */; };
		D9E644251D33757E00637982 /* Interface.storyboard in Resources */ = {isa = PBXBuildFile; fileRef = D9F5ED301D2B115500482368 /* Interface.storyboard */; };
		D9F3CE9E1D1EEE3600E16A77 /* OpenStreetMapReverseGeoParser.swift in Sources */ = {isa = PBXBuildFile; fileRef = D9F3CE9D1D1EEE3600E16A77 /* OpenStreetMapReverseGeoParser.swift */; };
		D9F5ED321D2B115500482368 /* Interface.storyboard in Resources */ = {isa = PBXBuildFile; fileRef = D9F5ED301D2B115500482368 /* Interface.storyboard */; };
		D9F5ED341D2B115500482368 /* Assets.xcassets in Resources */ = {isa = PBXBuildFile; fileRef = D9F5ED331D2B115500482368 /* Assets.xcassets */; };
		D9F5ED3B1D2B115500482368 /* Limit WatchOS Extension.appex in Embed App Extensions */ = {isa = PBXBuildFile; fileRef = D9F5ED3A1D2B115500482368 /* Limit WatchOS Extension.appex */; settings = {ATTRIBUTES = (RemoveHeadersOnCopy, ); }; };
		D9F5ED421D2B115500482368 /* InterfaceController.swift in Sources */ = {isa = PBXBuildFile; fileRef = D9F5ED411D2B115500482368 /* InterfaceController.swift */; };
		D9F5ED441D2B115500482368 /* ExtensionDelegate.swift in Sources */ = {isa = PBXBuildFile; fileRef = D9F5ED431D2B115500482368 /* ExtensionDelegate.swift */; };
		D9F5ED461D2B115500482368 /* NotificationController.swift in Sources */ = {isa = PBXBuildFile; fileRef = D9F5ED451D2B115500482368 /* NotificationController.swift */; };
		D9F5ED481D2B115500482368 /* Assets.xcassets in Resources */ = {isa = PBXBuildFile; fileRef = D9F5ED471D2B115500482368 /* Assets.xcassets */; };
		D9F5ED4C1D2B115500482368 /* Limit WatchOS.app in Embed Watch Content */ = {isa = PBXBuildFile; fileRef = D9F5ED2E1D2B115500482368 /* Limit WatchOS.app */; };
		D9F5ED561D2B2DF100482368 /* WatchCommunicationModel.swift in Sources */ = {isa = PBXBuildFile; fileRef = D9F5ED551D2B2DF100482368 /* WatchCommunicationModel.swift */; };
		D9F5ED581D2B2E0000482368 /* AppCommunicationModel.swift in Sources */ = {isa = PBXBuildFile; fileRef = D9F5ED571D2B2E0000482368 /* AppCommunicationModel.swift */; };
/* End PBXBuildFile section */

/* Begin PBXContainerItemProxy section */
		D9A5EF7C1D1B079F0077C1C0 /* PBXContainerItemProxy */ = {
			isa = PBXContainerItemProxy;
			containerPortal = D9A5EF5F1D1B079E0077C1C0 /* Project object */;
			proxyType = 1;
			remoteGlobalIDString = D9A5EF661D1B079F0077C1C0;
			remoteInfo = Limit;
		};
		D9A5EF871D1B079F0077C1C0 /* PBXContainerItemProxy */ = {
			isa = PBXContainerItemProxy;
			containerPortal = D9A5EF5F1D1B079E0077C1C0 /* Project object */;
			proxyType = 1;
			remoteGlobalIDString = D9A5EF661D1B079F0077C1C0;
			remoteInfo = Limit;
		};
		D9F5ED3C1D2B115500482368 /* PBXContainerItemProxy */ = {
			isa = PBXContainerItemProxy;
			containerPortal = D9A5EF5F1D1B079E0077C1C0 /* Project object */;
			proxyType = 1;
			remoteGlobalIDString = D9F5ED391D2B115500482368;
			remoteInfo = "Limit WatchOS Extension";
		};
		D9F5ED4A1D2B115500482368 /* PBXContainerItemProxy */ = {
			isa = PBXContainerItemProxy;
			containerPortal = D9A5EF5F1D1B079E0077C1C0 /* Project object */;
			proxyType = 1;
			remoteGlobalIDString = D9F5ED2D1D2B115500482368;
			remoteInfo = "Limit WatchOS";
		};
/* End PBXContainerItemProxy section */

/* Begin PBXCopyFilesBuildPhase section */
		D9F5ED521D2B115500482368 /* Embed App Extensions */ = {
			isa = PBXCopyFilesBuildPhase;
			buildActionMask = 2147483647;
			dstPath = "";
			dstSubfolderSpec = 13;
			files = (
				D9F5ED3B1D2B115500482368 /* Limit WatchOS Extension.appex in Embed App Extensions */,
			);
			name = "Embed App Extensions";
			runOnlyForDeploymentPostprocessing = 0;
		};
		D9F5ED541D2B115500482368 /* Embed Watch Content */ = {
			isa = PBXCopyFilesBuildPhase;
			buildActionMask = 2147483647;
			dstPath = "$(CONTENTS_FOLDER_PATH)/Watch";
			dstSubfolderSpec = 16;
			files = (
				D9F5ED4C1D2B115500482368 /* Limit WatchOS.app in Embed Watch Content */,
			);
			name = "Embed Watch Content";
			runOnlyForDeploymentPostprocessing = 0;
		};
/* End PBXCopyFilesBuildPhase section */

/* Begin PBXFileReference section */
		D90B73691D34AB5000CA9B93 /* StatusModel.swift */ = {isa = PBXFileReference; fileEncoding = 4; lastKnownFileType = sourcecode.swift; path = StatusModel.swift; sourceTree = "<group>"; };
		D9145EA81D1CE74C009128E1 /* OpenStreetMapFinder.swift */ = {isa = PBXFileReference; fileEncoding = 4; lastKnownFileType = sourcecode.swift; path = OpenStreetMapFinder.swift; sourceTree = "<group>"; };
		D9145EAA1D1CE75E009128E1 /* OpenStreetMapModel.swift */ = {isa = PBXFileReference; fileEncoding = 4; lastKnownFileType = sourcecode.swift; path = OpenStreetMapModel.swift; sourceTree = "<group>"; };
		D91C6EFD1D1B727000923644 /* OpenStreetMapParser.swift */ = {isa = PBXFileReference; fileEncoding = 4; lastKnownFileType = sourcecode.swift; path = OpenStreetMapParser.swift; sourceTree = "<group>"; };
		D92192851D2A3DCE0002BFE2 /* LoadingModel.swift */ = {isa = PBXFileReference; fileEncoding = 4; lastKnownFileType = sourcecode.swift; path = LoadingModel.swift; sourceTree = "<group>"; };
		D9262B0C1D5D16D7007194B0 /* ViewModel.swift */ = {isa = PBXFileReference; fileEncoding = 4; lastKnownFileType = sourcecode.swift; path = ViewModel.swift; sourceTree = "<group>"; };
		D92EE0561D3337C500243799 /* RingModel.swift */ = {isa = PBXFileReference; fileEncoding = 4; lastKnownFileType = sourcecode.swift; path = RingModel.swift; sourceTree = "<group>"; };
		D92FA58F1D1DC10900B7FACC /* SpeedModel.swift */ = {isa = PBXFileReference; fileEncoding = 4; lastKnownFileType = sourcecode.swift; path = SpeedModel.swift; sourceTree = "<group>"; };
		D94AC8D51D2A73CF006B13AD /* GreenButton.png */ = {isa = PBXFileReference; lastKnownFileType = image.png; name = GreenButton.png; path = Media/GreenButton.png; sourceTree = "<group>"; };
		D94AC8D61D2A73CF006B13AD /* WhiteButton.png */ = {isa = PBXFileReference; lastKnownFileType = image.png; name = WhiteButton.png; path = Media/WhiteButton.png; sourceTree = "<group>"; };
		D94AC8D91D2A7440006B13AD /* IconLogoBlackWhite.jpg */ = {isa = PBXFileReference; lastKnownFileType = image.jpeg; name = IconLogoBlackWhite.jpg; path = Media/IconLogoBlackWhite.jpg; sourceTree = "<group>"; };
		D94AC8DA1D2A7440006B13AD /* IconLogoWhiteGreen.jpg */ = {isa = PBXFileReference; lastKnownFileType = image.jpeg; name = IconLogoWhiteGreen.jpg; path = Media/IconLogoWhiteGreen.jpg; sourceTree = "<group>"; };
		D94AC8DD1D2A74D1006B13AD /* LocationRequestViewController.swift */ = {isa = PBXFileReference; fileEncoding = 4; lastKnownFileType = sourcecode.swift; path = LocationRequestViewController.swift; sourceTree = "<group>"; };
		D94AC8DF1D2A74E0006B13AD /* LocationSettingViewController.swift */ = {isa = PBXFileReference; fileEncoding = 4; lastKnownFileType = sourcecode.swift; path = LocationSettingViewController.swift; sourceTree = "<group>"; };
		D957CF091D1F4B9100DBE484 /* InAppPurchaseModel.swift */ = {isa = PBXFileReference; fileEncoding = 4; lastKnownFileType = sourcecode.swift; path = InAppPurchaseModel.swift; sourceTree = "<group>"; };
		D968FAA11D5C201F00C4E3C7 /* AlertModel.swift */ = {isa = PBXFileReference; fileEncoding = 4; lastKnownFileType = sourcecode.swift; path = AlertModel.swift; sourceTree = "<group>"; };
		D991BDEB1D1C061C0039BCCB /* OpenStreetMapData.swift */ = {isa = PBXFileReference; fileEncoding = 4; lastKnownFileType = sourcecode.swift; path = OpenStreetMapData.swift; sourceTree = "<group>"; };
		D994F3561D28BEED00E73A85 /* Setting.png */ = {isa = PBXFileReference; lastKnownFileType = image.png; name = Setting.png; path = Media/Setting.png; sourceTree = "<group>"; };
		D994F35D1D28C8C500E73A85 /* AudioModel.swift */ = {isa = PBXFileReference; fileEncoding = 4; lastKnownFileType = sourcecode.swift; path = AudioModel.swift; sourceTree = "<group>"; };
		D994F35F1D28E18100E73A85 /* DoubleBeep.mp3 */ = {isa = PBXFileReference; lastKnownFileType = audio.mp3; name = DoubleBeep.mp3; path = Media/DoubleBeep.mp3; sourceTree = "<group>"; };
		D9A49C131D29753A00338883 /* SettingModel.swift */ = {isa = PBXFileReference; fileEncoding = 4; lastKnownFileType = sourcecode.swift; path = SettingModel.swift; sourceTree = "<group>"; };
		D9A49C151D298FA300338883 /* SettingViewController.swift */ = {isa = PBXFileReference; fileEncoding = 4; lastKnownFileType = sourcecode.swift; path = SettingViewController.swift; sourceTree = "<group>"; };
		D9A5EF671D1B079F0077C1C0 /* Limit.app */ = {isa = PBXFileReference; explicitFileType = wrapper.application; includeInIndex = 0; path = Limit.app; sourceTree = BUILT_PRODUCTS_DIR; };
		D9A5EF6A1D1B079F0077C1C0 /* AppDelegate.swift */ = {isa = PBXFileReference; lastKnownFileType = sourcecode.swift; path = AppDelegate.swift; sourceTree = "<group>"; };
		D9A5EF6C1D1B079F0077C1C0 /* ViewController.swift */ = {isa = PBXFileReference; lastKnownFileType = sourcecode.swift; path = ViewController.swift; sourceTree = "<group>"; };
		D9A5EF6F1D1B079F0077C1C0 /* Base */ = {isa = PBXFileReference; lastKnownFileType = file.storyboard; name = Base; path = Base.lproj/Main.storyboard; sourceTree = "<group>"; };
		D9A5EF711D1B079F0077C1C0 /* Assets.xcassets */ = {isa = PBXFileReference; lastKnownFileType = folder.assetcatalog; path = Assets.xcassets; sourceTree = "<group>"; };
		D9A5EF741D1B079F0077C1C0 /* Base */ = {isa = PBXFileReference; lastKnownFileType = file.storyboard; name = Base; path = Base.lproj/LaunchScreen.storyboard; sourceTree = "<group>"; };
		D9A5EF761D1B079F0077C1C0 /* Info.plist */ = {isa = PBXFileReference; lastKnownFileType = text.plist.xml; path = Info.plist; sourceTree = "<group>"; };
		D9A5EF7B1D1B079F0077C1C0 /* LimitTests.xctest */ = {isa = PBXFileReference; explicitFileType = wrapper.cfbundle; includeInIndex = 0; path = LimitTests.xctest; sourceTree = BUILT_PRODUCTS_DIR; };
		D9A5EF7F1D1B079F0077C1C0 /* LimitTests.swift */ = {isa = PBXFileReference; lastKnownFileType = sourcecode.swift; path = LimitTests.swift; sourceTree = "<group>"; };
		D9A5EF811D1B079F0077C1C0 /* Info.plist */ = {isa = PBXFileReference; lastKnownFileType = text.plist.xml; path = Info.plist; sourceTree = "<group>"; };
		D9A5EF861D1B079F0077C1C0 /* LimitUITests.xctest */ = {isa = PBXFileReference; explicitFileType = wrapper.cfbundle; includeInIndex = 0; path = LimitUITests.xctest; sourceTree = BUILT_PRODUCTS_DIR; };
		D9A5EF8A1D1B079F0077C1C0 /* LimitUITests.swift */ = {isa = PBXFileReference; lastKnownFileType = sourcecode.swift; path = LimitUITests.swift; sourceTree = "<group>"; };
		D9A5EF8C1D1B079F0077C1C0 /* Info.plist */ = {isa = PBXFileReference; lastKnownFileType = text.plist.xml; path = Info.plist; sourceTree = "<group>"; };
		D9A5EF981D1B175D0077C1C0 /* LocationModel.swift */ = {isa = PBXFileReference; fileEncoding = 4; lastKnownFileType = sourcecode.swift; path = LocationModel.swift; sourceTree = "<group>"; };
		D9A5EF9A1D1B2D420077C1C0 /* LocationData.swift */ = {isa = PBXFileReference; fileEncoding = 4; lastKnownFileType = sourcecode.swift; path = LocationData.swift; sourceTree = "<group>"; };
		D9AC102E1D29D75F00B75B04 /* LoadingViewController.swift */ = {isa = PBXFileReference; fileEncoding = 4; lastKnownFileType = sourcecode.swift; path = LoadingViewController.swift; sourceTree = "<group>"; };
		D9AC10301D29DB7E00B75B04 /* Loading.gif */ = {isa = PBXFileReference; lastKnownFileType = image.gif; name = Loading.gif; path = Media/Loading.gif; sourceTree = "<group>"; };
		D9E643E61D336E7E00637982 /* SanFranciscoDisplay-Black.otf */ = {isa = PBXFileReference; lastKnownFileType = file; name = "SanFranciscoDisplay-Black.otf"; path = "Fonts/SanFranciscoDisplay-Black.otf"; sourceTree = "<group>"; };
		D9E643E71D336E7E00637982 /* SanFranciscoDisplay-Bold.otf */ = {isa = PBXFileReference; lastKnownFileType = file; name = "SanFranciscoDisplay-Bold.otf"; path = "Fonts/SanFranciscoDisplay-Bold.otf"; sourceTree = "<group>"; };
		D9E643E81D336E7E00637982 /* SanFranciscoDisplay-Heavy.otf */ = {isa = PBXFileReference; lastKnownFileType = file; name = "SanFranciscoDisplay-Heavy.otf"; path = "Fonts/SanFranciscoDisplay-Heavy.otf"; sourceTree = "<group>"; };
		D9E643E91D336E7E00637982 /* SanFranciscoDisplay-Light.otf */ = {isa = PBXFileReference; lastKnownFileType = file; name = "SanFranciscoDisplay-Light.otf"; path = "Fonts/SanFranciscoDisplay-Light.otf"; sourceTree = "<group>"; };
		D9E643EA1D336E7E00637982 /* SanFranciscoDisplay-Medium.otf */ = {isa = PBXFileReference; lastKnownFileType = file; name = "SanFranciscoDisplay-Medium.otf"; path = "Fonts/SanFranciscoDisplay-Medium.otf"; sourceTree = "<group>"; };
		D9E643EB1D336E7E00637982 /* SanFranciscoDisplay-Regular.otf */ = {isa = PBXFileReference; lastKnownFileType = file; name = "SanFranciscoDisplay-Regular.otf"; path = "Fonts/SanFranciscoDisplay-Regular.otf"; sourceTree = "<group>"; };
		D9E643EC1D336E7E00637982 /* SanFranciscoDisplay-Semibold.otf */ = {isa = PBXFileReference; lastKnownFileType = file; name = "SanFranciscoDisplay-Semibold.otf"; path = "Fonts/SanFranciscoDisplay-Semibold.otf"; sourceTree = "<group>"; };
		D9E643ED1D336E7E00637982 /* SanFranciscoDisplay-Thin.otf */ = {isa = PBXFileReference; lastKnownFileType = file; name = "SanFranciscoDisplay-Thin.otf"; path = "Fonts/SanFranciscoDisplay-Thin.otf"; sourceTree = "<group>"; };
		D9E643EE1D336E7E00637982 /* SanFranciscoDisplay-Ultralight.otf */ = {isa = PBXFileReference; lastKnownFileType = file; name = "SanFranciscoDisplay-Ultralight.otf"; path = "Fonts/SanFranciscoDisplay-Ultralight.otf"; sourceTree = "<group>"; };
		D9E643EF1D336E7E00637982 /* SanFranciscoText-Bold.otf */ = {isa = PBXFileReference; lastKnownFileType = file; name = "SanFranciscoText-Bold.otf"; path = "Fonts/SanFranciscoText-Bold.otf"; sourceTree = "<group>"; };
		D9E643F01D336E7E00637982 /* SanFranciscoText-BoldItalic.otf */ = {isa = PBXFileReference; lastKnownFileType = file; name = "SanFranciscoText-BoldItalic.otf"; path = "Fonts/SanFranciscoText-BoldItalic.otf"; sourceTree = "<group>"; };
		D9E643F11D336E7E00637982 /* SanFranciscoText-Heavy.otf */ = {isa = PBXFileReference; lastKnownFileType = file; name = "SanFranciscoText-Heavy.otf"; path = "Fonts/SanFranciscoText-Heavy.otf"; sourceTree = "<group>"; };
		D9E643F21D336E7E00637982 /* SanFranciscoText-HeavyItalic.otf */ = {isa = PBXFileReference; lastKnownFileType = file; name = "SanFranciscoText-HeavyItalic.otf"; path = "Fonts/SanFranciscoText-HeavyItalic.otf"; sourceTree = "<group>"; };
		D9E643F31D336E7E00637982 /* SanFranciscoText-Light.otf */ = {isa = PBXFileReference; lastKnownFileType = file; name = "SanFranciscoText-Light.otf"; path = "Fonts/SanFranciscoText-Light.otf"; sourceTree = "<group>"; };
		D9E643F41D336E7E00637982 /* SanFranciscoText-LightItalic.otf */ = {isa = PBXFileReference; lastKnownFileType = file; name = "SanFranciscoText-LightItalic.otf"; path = "Fonts/SanFranciscoText-LightItalic.otf"; sourceTree = "<group>"; };
		D9E643F51D336E7E00637982 /* SanFranciscoText-Medium.otf */ = {isa = PBXFileReference; lastKnownFileType = file; name = "SanFranciscoText-Medium.otf"; path = "Fonts/SanFranciscoText-Medium.otf"; sourceTree = "<group>"; };
		D9E643F61D336E7E00637982 /* SanFranciscoText-MediumItalic.otf */ = {isa = PBXFileReference; lastKnownFileType = file; name = "SanFranciscoText-MediumItalic.otf"; path = "Fonts/SanFranciscoText-MediumItalic.otf"; sourceTree = "<group>"; };
		D9E643F71D336E7E00637982 /* SanFranciscoText-Regular.otf */ = {isa = PBXFileReference; lastKnownFileType = file; name = "SanFranciscoText-Regular.otf"; path = "Fonts/SanFranciscoText-Regular.otf"; sourceTree = "<group>"; };
		D9E643F81D336E7E00637982 /* SanFranciscoText-RegularItalic.otf */ = {isa = PBXFileReference; lastKnownFileType = file; name = "SanFranciscoText-RegularItalic.otf"; path = "Fonts/SanFranciscoText-RegularItalic.otf"; sourceTree = "<group>"; };
		D9E643F91D336E7E00637982 /* SanFranciscoText-Semibold.otf */ = {isa = PBXFileReference; lastKnownFileType = file; name = "SanFranciscoText-Semibold.otf"; path = "Fonts/SanFranciscoText-Semibold.otf"; sourceTree = "<group>"; };
		D9E643FA1D336E7E00637982 /* SanFranciscoText-SemiboldItalic.otf */ = {isa = PBXFileReference; lastKnownFileType = file; name = "SanFranciscoText-SemiboldItalic.otf"; path = "Fonts/SanFranciscoText-SemiboldItalic.otf"; sourceTree = "<group>"; };
		D9F3CE9D1D1EEE3600E16A77 /* OpenStreetMapReverseGeoParser.swift */ = {isa = PBXFileReference; fileEncoding = 4; lastKnownFileType = sourcecode.swift; path = OpenStreetMapReverseGeoParser.swift; sourceTree = "<group>"; };
		D9F5ED2E1D2B115500482368 /* Limit WatchOS.app */ = {isa = PBXFileReference; explicitFileType = wrapper.application; includeInIndex = 0; path = "Limit WatchOS.app"; sourceTree = BUILT_PRODUCTS_DIR; };
		D9F5ED311D2B115500482368 /* Base */ = {isa = PBXFileReference; lastKnownFileType = file.storyboard; name = Base; path = Base.lproj/Interface.storyboard; sourceTree = "<group>"; };
		D9F5ED331D2B115500482368 /* Assets.xcassets */ = {isa = PBXFileReference; lastKnownFileType = folder.assetcatalog; path = Assets.xcassets; sourceTree = "<group>"; };
		D9F5ED351D2B115500482368 /* Info.plist */ = {isa = PBXFileReference; lastKnownFileType = text.plist.xml; path = Info.plist; sourceTree = "<group>"; };
		D9F5ED3A1D2B115500482368 /* Limit WatchOS Extension.appex */ = {isa = PBXFileReference; explicitFileType = "wrapper.app-extension"; includeInIndex = 0; path = "Limit WatchOS Extension.appex"; sourceTree = BUILT_PRODUCTS_DIR; };
		D9F5ED401D2B115500482368 /* PushNotificationPayload.apns */ = {isa = PBXFileReference; lastKnownFileType = text; path = PushNotificationPayload.apns; sourceTree = "<group>"; };
		D9F5ED411D2B115500482368 /* InterfaceController.swift */ = {isa = PBXFileReference; lastKnownFileType = sourcecode.swift; path = InterfaceController.swift; sourceTree = "<group>"; };
		D9F5ED431D2B115500482368 /* ExtensionDelegate.swift */ = {isa = PBXFileReference; lastKnownFileType = sourcecode.swift; path = ExtensionDelegate.swift; sourceTree = "<group>"; };
		D9F5ED451D2B115500482368 /* NotificationController.swift */ = {isa = PBXFileReference; lastKnownFileType = sourcecode.swift; path = NotificationController.swift; sourceTree = "<group>"; };
		D9F5ED471D2B115500482368 /* Assets.xcassets */ = {isa = PBXFileReference; lastKnownFileType = folder.assetcatalog; path = Assets.xcassets; sourceTree = "<group>"; };
		D9F5ED491D2B115500482368 /* Info.plist */ = {isa = PBXFileReference; lastKnownFileType = text.plist.xml; path = Info.plist; sourceTree = "<group>"; };
		D9F5ED551D2B2DF100482368 /* WatchCommunicationModel.swift */ = {isa = PBXFileReference; fileEncoding = 4; lastKnownFileType = sourcecode.swift; path = WatchCommunicationModel.swift; sourceTree = "<group>"; };
		D9F5ED571D2B2E0000482368 /* AppCommunicationModel.swift */ = {isa = PBXFileReference; fileEncoding = 4; lastKnownFileType = sourcecode.swift; path = AppCommunicationModel.swift; sourceTree = "<group>"; };
/* End PBXFileReference section */

/* Begin PBXFrameworksBuildPhase section */
		D9A5EF641D1B079F0077C1C0 /* Frameworks */ = {
			isa = PBXFrameworksBuildPhase;
			buildActionMask = 2147483647;
			files = (
			);
			runOnlyForDeploymentPostprocessing = 0;
		};
		D9A5EF781D1B079F0077C1C0 /* Frameworks */ = {
			isa = PBXFrameworksBuildPhase;
			buildActionMask = 2147483647;
			files = (
			);
			runOnlyForDeploymentPostprocessing = 0;
		};
		D9A5EF831D1B079F0077C1C0 /* Frameworks */ = {
			isa = PBXFrameworksBuildPhase;
			buildActionMask = 2147483647;
			files = (
			);
			runOnlyForDeploymentPostprocessing = 0;
		};
		D9F5ED371D2B115500482368 /* Frameworks */ = {
			isa = PBXFrameworksBuildPhase;
			buildActionMask = 2147483647;
			files = (
			);
			runOnlyForDeploymentPostprocessing = 0;
		};
/* End PBXFrameworksBuildPhase section */

/* Begin PBXGroup section */
		D994F3581D28BEF500E73A85 /* Media */ = {
			isa = PBXGroup;
			children = (
				D94AC8D91D2A7440006B13AD /* IconLogoBlackWhite.jpg */,
				D94AC8DA1D2A7440006B13AD /* IconLogoWhiteGreen.jpg */,
				D94AC8D51D2A73CF006B13AD /* GreenButton.png */,
				D94AC8D61D2A73CF006B13AD /* WhiteButton.png */,
				D9AC10301D29DB7E00B75B04 /* Loading.gif */,
				D994F35F1D28E18100E73A85 /* DoubleBeep.mp3 */,
				D994F3561D28BEED00E73A85 /* Setting.png */,
			);
			name = Media;
			sourceTree = "<group>";
		};
		D9A5EF5E1D1B079E0077C1C0 = {
			isa = PBXGroup;
			children = (
				D9A5EF691D1B079F0077C1C0 /* Limit */,
				D9A5EF7E1D1B079F0077C1C0 /* LimitTests */,
				D9A5EF891D1B079F0077C1C0 /* LimitUITests */,
				D9F5ED2F1D2B115500482368 /* Limit WatchOS */,
				D9F5ED3E1D2B115500482368 /* Limit WatchOS Extension */,
				D9A5EF681D1B079F0077C1C0 /* Products */,
				D994F3581D28BEF500E73A85 /* Media */,
				D9E643E51D336E3200637982 /* Fonts */,
			);
			sourceTree = "<group>";
		};
		D9A5EF681D1B079F0077C1C0 /* Products */ = {
			isa = PBXGroup;
			children = (
				D9A5EF671D1B079F0077C1C0 /* Limit.app */,
				D9A5EF7B1D1B079F0077C1C0 /* LimitTests.xctest */,
				D9A5EF861D1B079F0077C1C0 /* LimitUITests.xctest */,
				D9F5ED2E1D2B115500482368 /* Limit WatchOS.app */,
				D9F5ED3A1D2B115500482368 /* Limit WatchOS Extension.appex */,
			);
			name = Products;
			sourceTree = "<group>";
		};
		D9A5EF691D1B079F0077C1C0 /* Limit */ = {
			isa = PBXGroup;
			children = (
				D9A5EF6A1D1B079F0077C1C0 /* AppDelegate.swift */,
				D9A5EF6C1D1B079F0077C1C0 /* ViewController.swift */,
				D9A5EF6E1D1B079F0077C1C0 /* Main.storyboard */,
				D9A5EF711D1B079F0077C1C0 /* Assets.xcassets */,
				D9A5EF731D1B079F0077C1C0 /* LaunchScreen.storyboard */,
				D9A5EF761D1B079F0077C1C0 /* Info.plist */,
				D9A5EF981D1B175D0077C1C0 /* LocationModel.swift */,
				D9A5EF9A1D1B2D420077C1C0 /* LocationData.swift */,
				D91C6EFD1D1B727000923644 /* OpenStreetMapParser.swift */,
				D991BDEB1D1C061C0039BCCB /* OpenStreetMapData.swift */,
				D9145EA81D1CE74C009128E1 /* OpenStreetMapFinder.swift */,
				D9145EAA1D1CE75E009128E1 /* OpenStreetMapModel.swift */,
				D92FA58F1D1DC10900B7FACC /* SpeedModel.swift */,
				D9F3CE9D1D1EEE3600E16A77 /* OpenStreetMapReverseGeoParser.swift */,
				D957CF091D1F4B9100DBE484 /* InAppPurchaseModel.swift */,
				D994F35D1D28C8C500E73A85 /* AudioModel.swift */,
				D9A49C131D29753A00338883 /* SettingModel.swift */,
				D9A49C151D298FA300338883 /* SettingViewController.swift */,
				D9AC102E1D29D75F00B75B04 /* LoadingViewController.swift */,
				D92192851D2A3DCE0002BFE2 /* LoadingModel.swift */,
				D94AC8DD1D2A74D1006B13AD /* LocationRequestViewController.swift */,
				D94AC8DF1D2A74E0006B13AD /* LocationSettingViewController.swift */,
				D9F5ED551D2B2DF100482368 /* WatchCommunicationModel.swift */,
			);
			path = Limit;
			sourceTree = "<group>";
		};
		D9A5EF7E1D1B079F0077C1C0 /* LimitTests */ = {
			isa = PBXGroup;
			children = (
				D9A5EF7F1D1B079F0077C1C0 /* LimitTests.swift */,
				D9A5EF811D1B079F0077C1C0 /* Info.plist */,
			);
			path = LimitTests;
			sourceTree = "<group>";
		};
		D9A5EF891D1B079F0077C1C0 /* LimitUITests */ = {
			isa = PBXGroup;
			children = (
				D9A5EF8A1D1B079F0077C1C0 /* LimitUITests.swift */,
				D9A5EF8C1D1B079F0077C1C0 /* Info.plist */,
			);
			path = LimitUITests;
			sourceTree = "<group>";
		};
		D9E643E51D336E3200637982 /* Fonts */ = {
			isa = PBXGroup;
			children = (
				D9E643E61D336E7E00637982 /* SanFranciscoDisplay-Black.otf */,
				D9E643E71D336E7E00637982 /* SanFranciscoDisplay-Bold.otf */,
				D9E643E81D336E7E00637982 /* SanFranciscoDisplay-Heavy.otf */,
				D9E643E91D336E7E00637982 /* SanFranciscoDisplay-Light.otf */,
				D9E643EA1D336E7E00637982 /* SanFranciscoDisplay-Medium.otf */,
				D9E643EB1D336E7E00637982 /* SanFranciscoDisplay-Regular.otf */,
				D9E643EC1D336E7E00637982 /* SanFranciscoDisplay-Semibold.otf */,
				D9E643ED1D336E7E00637982 /* SanFranciscoDisplay-Thin.otf */,
				D9E643EE1D336E7E00637982 /* SanFranciscoDisplay-Ultralight.otf */,
				D9E643EF1D336E7E00637982 /* SanFranciscoText-Bold.otf */,
				D9E643F01D336E7E00637982 /* SanFranciscoText-BoldItalic.otf */,
				D9E643F11D336E7E00637982 /* SanFranciscoText-Heavy.otf */,
				D9E643F21D336E7E00637982 /* SanFranciscoText-HeavyItalic.otf */,
				D9E643F31D336E7E00637982 /* SanFranciscoText-Light.otf */,
				D9E643F41D336E7E00637982 /* SanFranciscoText-LightItalic.otf */,
				D9E643F51D336E7E00637982 /* SanFranciscoText-Medium.otf */,
				D9E643F61D336E7E00637982 /* SanFranciscoText-MediumItalic.otf */,
				D9E643F71D336E7E00637982 /* SanFranciscoText-Regular.otf */,
				D9E643F81D336E7E00637982 /* SanFranciscoText-RegularItalic.otf */,
				D9E643F91D336E7E00637982 /* SanFranciscoText-Semibold.otf */,
				D9E643FA1D336E7E00637982 /* SanFranciscoText-SemiboldItalic.otf */,
			);
			name = Fonts;
			sourceTree = "<group>";
		};
		D9F5ED2F1D2B115500482368 /* Limit WatchOS */ = {
			isa = PBXGroup;
			children = (
				D9F5ED301D2B115500482368 /* Interface.storyboard */,
				D9F5ED331D2B115500482368 /* Assets.xcassets */,
				D9F5ED351D2B115500482368 /* Info.plist */,
			);
			path = "Limit WatchOS";
			sourceTree = "<group>";
		};
		D9F5ED3E1D2B115500482368 /* Limit WatchOS Extension */ = {
			isa = PBXGroup;
			children = (
				D9262B0C1D5D16D7007194B0 /* ViewModel.swift */,
				D968FAA11D5C201F00C4E3C7 /* AlertModel.swift */,
				D90B73691D34AB5000CA9B93 /* StatusModel.swift */,
				D92EE0561D3337C500243799 /* RingModel.swift */,
				D9F5ED571D2B2E0000482368 /* AppCommunicationModel.swift */,
				D9F5ED411D2B115500482368 /* InterfaceController.swift */,
				D9F5ED431D2B115500482368 /* ExtensionDelegate.swift */,
				D9F5ED451D2B115500482368 /* NotificationController.swift */,
				D9F5ED471D2B115500482368 /* Assets.xcassets */,
				D9F5ED491D2B115500482368 /* Info.plist */,
				D9F5ED3F1D2B115500482368 /* Supporting Files */,
			);
			path = "Limit WatchOS Extension";
			sourceTree = "<group>";
		};
		D9F5ED3F1D2B115500482368 /* Supporting Files */ = {
			isa = PBXGroup;
			children = (
				D9F5ED401D2B115500482368 /* PushNotificationPayload.apns */,
			);
			name = "Supporting Files";
			sourceTree = "<group>";
		};
/* End PBXGroup section */

/* Begin PBXNativeTarget section */
		D9A5EF661D1B079F0077C1C0 /* Limit */ = {
			isa = PBXNativeTarget;
			buildConfigurationList = D9A5EF8F1D1B079F0077C1C0 /* Build configuration list for PBXNativeTarget "Limit" */;
			buildPhases = (
				D9A5EF631D1B079F0077C1C0 /* Sources */,
				D9A5EF641D1B079F0077C1C0 /* Frameworks */,
				D9A5EF651D1B079F0077C1C0 /* Resources */,
				D9F5ED541D2B115500482368 /* Embed Watch Content */,
			);
			buildRules = (
			);
			dependencies = (
				D9F5ED4B1D2B115500482368 /* PBXTargetDependency */,
			);
			name = Limit;
			productName = Limit;
			productReference = D9A5EF671D1B079F0077C1C0 /* Limit.app */;
			productType = "com.apple.product-type.application";
		};
		D9A5EF7A1D1B079F0077C1C0 /* LimitTests */ = {
			isa = PBXNativeTarget;
			buildConfigurationList = D9A5EF921D1B079F0077C1C0 /* Build configuration list for PBXNativeTarget "LimitTests" */;
			buildPhases = (
				D9A5EF771D1B079F0077C1C0 /* Sources */,
				D9A5EF781D1B079F0077C1C0 /* Frameworks */,
				D9A5EF791D1B079F0077C1C0 /* Resources */,
			);
			buildRules = (
			);
			dependencies = (
				D9A5EF7D1D1B079F0077C1C0 /* PBXTargetDependency */,
			);
			name = LimitTests;
			productName = LimitTests;
			productReference = D9A5EF7B1D1B079F0077C1C0 /* LimitTests.xctest */;
			productType = "com.apple.product-type.bundle.unit-test";
		};
		D9A5EF851D1B079F0077C1C0 /* LimitUITests */ = {
			isa = PBXNativeTarget;
			buildConfigurationList = D9A5EF951D1B079F0077C1C0 /* Build configuration list for PBXNativeTarget "LimitUITests" */;
			buildPhases = (
				D9A5EF821D1B079F0077C1C0 /* Sources */,
				D9A5EF831D1B079F0077C1C0 /* Frameworks */,
				D9A5EF841D1B079F0077C1C0 /* Resources */,
			);
			buildRules = (
			);
			dependencies = (
				D9A5EF881D1B079F0077C1C0 /* PBXTargetDependency */,
			);
			name = LimitUITests;
			productName = LimitUITests;
			productReference = D9A5EF861D1B079F0077C1C0 /* LimitUITests.xctest */;
			productType = "com.apple.product-type.bundle.ui-testing";
		};
		D9F5ED2D1D2B115500482368 /* Limit WatchOS */ = {
			isa = PBXNativeTarget;
			buildConfigurationList = D9F5ED531D2B115500482368 /* Build configuration list for PBXNativeTarget "Limit WatchOS" */;
			buildPhases = (
				D9F5ED2C1D2B115500482368 /* Resources */,
				D9F5ED521D2B115500482368 /* Embed App Extensions */,
			);
			buildRules = (
			);
			dependencies = (
				D9F5ED3D1D2B115500482368 /* PBXTargetDependency */,
			);
			name = "Limit WatchOS";
			productName = "Limit WatchOS";
			productReference = D9F5ED2E1D2B115500482368 /* Limit WatchOS.app */;
			productType = "com.apple.product-type.application.watchapp2";
		};
		D9F5ED391D2B115500482368 /* Limit WatchOS Extension */ = {
			isa = PBXNativeTarget;
			buildConfigurationList = D9F5ED511D2B115500482368 /* Build configuration list for PBXNativeTarget "Limit WatchOS Extension" */;
			buildPhases = (
				D9F5ED361D2B115500482368 /* Sources */,
				D9F5ED371D2B115500482368 /* Frameworks */,
				D9F5ED381D2B115500482368 /* Resources */,
			);
			buildRules = (
			);
			dependencies = (
			);
			name = "Limit WatchOS Extension";
			productName = "Limit WatchOS Extension";
			productReference = D9F5ED3A1D2B115500482368 /* Limit WatchOS Extension.appex */;
			productType = "com.apple.product-type.watchkit2-extension";
		};
/* End PBXNativeTarget section */

/* Begin PBXProject section */
		D9A5EF5F1D1B079E0077C1C0 /* Project object */ = {
			isa = PBXProject;
			attributes = {
				LastSwiftUpdateCheck = 0730;
				LastUpgradeCheck = 0730;
				ORGANIZATIONNAME = "Limit Labs";
				TargetAttributes = {
					D9A5EF661D1B079F0077C1C0 = {
						CreatedOnToolsVersion = 7.3.1;
						DevelopmentTeam = DKYHV57U2S;
						SystemCapabilities = {
							com.apple.BackgroundModes = {
								enabled = 1;
							};
							com.apple.InAppPurchase = {
								enabled = 0;
							};
						};
					};
					D9A5EF7A1D1B079F0077C1C0 = {
						CreatedOnToolsVersion = 7.3.1;
						TestTargetID = D9A5EF661D1B079F0077C1C0;
					};
					D9A5EF851D1B079F0077C1C0 = {
						CreatedOnToolsVersion = 7.3.1;
						TestTargetID = D9A5EF661D1B079F0077C1C0;
					};
					D9F5ED2D1D2B115500482368 = {
						CreatedOnToolsVersion = 7.3.1;
						DevelopmentTeam = DKYHV57U2S;
					};
					D9F5ED391D2B115500482368 = {
						CreatedOnToolsVersion = 7.3.1;
					};
				};
			};
			buildConfigurationList = D9A5EF621D1B079E0077C1C0 /* Build configuration list for PBXProject "Limit" */;
			compatibilityVersion = "Xcode 3.2";
			developmentRegion = English;
			hasScannedForEncodings = 0;
			knownRegions = (
				en,
				Base,
			);
			mainGroup = D9A5EF5E1D1B079E0077C1C0;
			productRefGroup = D9A5EF681D1B079F0077C1C0 /* Products */;
			projectDirPath = "";
			projectRoot = "";
			targets = (
				D9A5EF661D1B079F0077C1C0 /* Limit */,
				D9A5EF7A1D1B079F0077C1C0 /* LimitTests */,
				D9A5EF851D1B079F0077C1C0 /* LimitUITests */,
				D9F5ED2D1D2B115500482368 /* Limit WatchOS */,
				D9F5ED391D2B115500482368 /* Limit WatchOS Extension */,
			);
		};
/* End PBXProject section */

/* Begin PBXResourcesBuildPhase section */
		D9A5EF651D1B079F0077C1C0 /* Resources */ = {
			isa = PBXResourcesBuildPhase;
			buildActionMask = 2147483647;
			files = (
				D994F3571D28BEED00E73A85 /* Setting.png in Resources */,
				D94AC8DB1D2A7440006B13AD /* IconLogoBlackWhite.jpg in Resources */,
				D9A5EF751D1B079F0077C1C0 /* LaunchScreen.storyboard in Resources */,
				D994F3601D28E18100E73A85 /* DoubleBeep.mp3 in Resources */,
				D94AC8D71D2A73CF006B13AD /* GreenButton.png in Resources */,
				D94AC8DC1D2A7440006B13AD /* IconLogoWhiteGreen.jpg in Resources */,
				D9A5EF721D1B079F0077C1C0 /* Assets.xcassets in Resources */,
				D9A5EF701D1B079F0077C1C0 /* Main.storyboard in Resources */,
				D9AC10311D29DB7E00B75B04 /* Loading.gif in Resources */,
				D94AC8D81D2A73CF006B13AD /* WhiteButton.png in Resources */,
			);
			runOnlyForDeploymentPostprocessing = 0;
		};
		D9A5EF791D1B079F0077C1C0 /* Resources */ = {
			isa = PBXResourcesBuildPhase;
			buildActionMask = 2147483647;
			files = (
			);
			runOnlyForDeploymentPostprocessing = 0;
		};
		D9A5EF841D1B079F0077C1C0 /* Resources */ = {
			isa = PBXResourcesBuildPhase;
			buildActionMask = 2147483647;
			files = (
			);
			runOnlyForDeploymentPostprocessing = 0;
		};
		D9F5ED2C1D2B115500482368 /* Resources */ = {
			isa = PBXResourcesBuildPhase;
			buildActionMask = 2147483647;
			files = (
				D9E644111D336E7E00637982 /* SanFranciscoText-Heavy.otf in Resources */,
				D9E644151D336E7E00637982 /* SanFranciscoText-Light.otf in Resources */,
				D9E644071D336E7E00637982 /* SanFranciscoDisplay-Semibold.otf in Resources */,
				D9F5ED341D2B115500482368 /* Assets.xcassets in Resources */,
				D91E96501D3355E50089B9EA /* Assets.xcassets in Resources */,
				D9E6441F1D336E7E00637982 /* SanFranciscoText-RegularItalic.otf in Resources */,
				D9E643FB1D336E7E00637982 /* SanFranciscoDisplay-Black.otf in Resources */,
				D9E644031D336E7E00637982 /* SanFranciscoDisplay-Medium.otf in Resources */,
				D9E6440D1D336E7E00637982 /* SanFranciscoText-Bold.otf in Resources */,
				D9E644091D336E7E00637982 /* SanFranciscoDisplay-Thin.otf in Resources */,
				D9E6441B1D336E7E00637982 /* SanFranciscoText-MediumItalic.otf in Resources */,
				D9E6440F1D336E7E00637982 /* SanFranciscoText-BoldItalic.otf in Resources */,
				D9E6441D1D336E7E00637982 /* SanFranciscoText-Regular.otf in Resources */,
				D9E644171D336E7E00637982 /* SanFranciscoText-LightItalic.otf in Resources */,
				D9F5ED321D2B115500482368 /* Interface.storyboard in Resources */,
				D9E643FF1D336E7E00637982 /* SanFranciscoDisplay-Heavy.otf in Resources */,
				D9E644051D336E7E00637982 /* SanFranciscoDisplay-Regular.otf in Resources */,
				D9E644191D336E7E00637982 /* SanFranciscoText-Medium.otf in Resources */,
				D9E644131D336E7E00637982 /* SanFranciscoText-HeavyItalic.otf in Resources */,
				D9E644231D336E7E00637982 /* SanFranciscoText-SemiboldItalic.otf in Resources */,
				D9E643FD1D336E7E00637982 /* SanFranciscoDisplay-Bold.otf in Resources */,
				D9E644211D336E7E00637982 /* SanFranciscoText-Semibold.otf in Resources */,
				D9E6440B1D336E7E00637982 /* SanFranciscoDisplay-Ultralight.otf in Resources */,
				D9E644011D336E7E00637982 /* SanFranciscoDisplay-Light.otf in Resources */,
			);
			runOnlyForDeploymentPostprocessing = 0;
		};
		D9F5ED381D2B115500482368 /* Resources */ = {
			isa = PBXResourcesBuildPhase;
			buildActionMask = 2147483647;
			files = (
				D9E6440C1D336E7E00637982 /* SanFranciscoDisplay-Ultralight.otf in Resources */,
				D9E644201D336E7E00637982 /* SanFranciscoText-RegularItalic.otf in Resources */,
				D9E644221D336E7E00637982 /* SanFranciscoText-Semibold.otf in Resources */,
				D9E6441A1D336E7E00637982 /* SanFranciscoText-Medium.otf in Resources */,
				D9E644101D336E7E00637982 /* SanFranciscoText-BoldItalic.otf in Resources */,
				D9E644181D336E7E00637982 /* SanFranciscoText-LightItalic.otf in Resources */,
				D9E6440E1D336E7E00637982 /* SanFranciscoText-Bold.otf in Resources */,
				D9E6441E1D336E7E00637982 /* SanFranciscoText-Regular.otf in Resources */,
				D9E6441C1D336E7E00637982 /* SanFranciscoText-MediumItalic.otf in Resources */,
				D9E643FE1D336E7E00637982 /* SanFranciscoDisplay-Bold.otf in Resources */,
				D9E644161D336E7E00637982 /* SanFranciscoText-Light.otf in Resources */,
				D9E644041D336E7E00637982 /* SanFranciscoDisplay-Medium.otf in Resources */,
				D9E644061D336E7E00637982 /* SanFranciscoDisplay-Regular.otf in Resources */,
				D9E644251D33757E00637982 /* Interface.storyboard in Resources */,
				D9E644241D336E7E00637982 /* SanFranciscoText-SemiboldItalic.otf in Resources */,
				D9E643FC1D336E7E00637982 /* SanFranciscoDisplay-Black.otf in Resources */,
				D9E644121D336E7E00637982 /* SanFranciscoText-Heavy.otf in Resources */,
				D9E644141D336E7E00637982 /* SanFranciscoText-HeavyItalic.otf in Resources */,
				D9E644021D336E7E00637982 /* SanFranciscoDisplay-Light.otf in Resources */,
				D9E644001D336E7E00637982 /* SanFranciscoDisplay-Heavy.otf in Resources */,
				D9E6440A1D336E7E00637982 /* SanFranciscoDisplay-Thin.otf in Resources */,
				D9E644081D336E7E00637982 /* SanFranciscoDisplay-Semibold.otf in Resources */,
				D9F5ED481D2B115500482368 /* Assets.xcassets in Resources */,
			);
			runOnlyForDeploymentPostprocessing = 0;
		};
/* End PBXResourcesBuildPhase section */

/* Begin PBXSourcesBuildPhase section */
		D9A5EF631D1B079F0077C1C0 /* Sources */ = {
			isa = PBXSourcesBuildPhase;
			buildActionMask = 2147483647;
			files = (
				D9A5EF9B1D1B2D420077C1C0 /* LocationData.swift in Sources */,
				D9A5EF6D1D1B079F0077C1C0 /* ViewController.swift in Sources */,
				D9F5ED561D2B2DF100482368 /* WatchCommunicationModel.swift in Sources */,
				D9AC102F1D29D75F00B75B04 /* LoadingViewController.swift in Sources */,
				D994F35E1D28C8C500E73A85 /* AudioModel.swift in Sources */,
				D91C6EFE1D1B727000923644 /* OpenStreetMapParser.swift in Sources */,
				D9A49C161D298FA300338883 /* SettingViewController.swift in Sources */,
				D9145EAB1D1CE75E009128E1 /* OpenStreetMapModel.swift in Sources */,
				D991BDEC1D1C061C0039BCCB /* OpenStreetMapData.swift in Sources */,
				D94AC8E01D2A74E0006B13AD /* LocationSettingViewController.swift in Sources */,
				D9F3CE9E1D1EEE3600E16A77 /* OpenStreetMapReverseGeoParser.swift in Sources */,
				D94AC8DE1D2A74D1006B13AD /* LocationRequestViewController.swift in Sources */,
				D957CF0A1D1F4B9100DBE484 /* InAppPurchaseModel.swift in Sources */,
				D9A5EF991D1B175D0077C1C0 /* LocationModel.swift in Sources */,
				D9145EA91D1CE74C009128E1 /* OpenStreetMapFinder.swift in Sources */,
				D92192861D2A3DCE0002BFE2 /* LoadingModel.swift in Sources */,
				D92FA5901D1DC10900B7FACC /* SpeedModel.swift in Sources */,
				D9A49C141D29753A00338883 /* SettingModel.swift in Sources */,
				D9A5EF6B1D1B079F0077C1C0 /* AppDelegate.swift in Sources */,
			);
			runOnlyForDeploymentPostprocessing = 0;
		};
		D9A5EF771D1B079F0077C1C0 /* Sources */ = {
			isa = PBXSourcesBuildPhase;
			buildActionMask = 2147483647;
			files = (
				D9A5EF801D1B079F0077C1C0 /* LimitTests.swift in Sources */,
			);
			runOnlyForDeploymentPostprocessing = 0;
		};
		D9A5EF821D1B079F0077C1C0 /* Sources */ = {
			isa = PBXSourcesBuildPhase;
			buildActionMask = 2147483647;
			files = (
				D9A5EF8B1D1B079F0077C1C0 /* LimitUITests.swift in Sources */,
			);
			runOnlyForDeploymentPostprocessing = 0;
		};
		D9F5ED361D2B115500482368 /* Sources */ = {
			isa = PBXSourcesBuildPhase;
			buildActionMask = 2147483647;
			files = (
				D92EE0571D3337C500243799 /* RingModel.swift in Sources */,
				D9F5ED461D2B115500482368 /* NotificationController.swift in Sources */,
				D9F5ED441D2B115500482368 /* ExtensionDelegate.swift in Sources */,
				D90B736A1D34AB5000CA9B93 /* StatusModel.swift in Sources */,
				D968FAA21D5C201F00C4E3C7 /* AlertModel.swift in Sources */,
				D9F5ED581D2B2E0000482368 /* AppCommunicationModel.swift in Sources */,
				D9262B0D1D5D16D7007194B0 /* ViewModel.swift in Sources */,
				D9F5ED421D2B115500482368 /* InterfaceController.swift in Sources */,
			);
			runOnlyForDeploymentPostprocessing = 0;
		};
/* End PBXSourcesBuildPhase section */

/* Begin PBXTargetDependency section */
		D9A5EF7D1D1B079F0077C1C0 /* PBXTargetDependency */ = {
			isa = PBXTargetDependency;
			target = D9A5EF661D1B079F0077C1C0 /* Limit */;
			targetProxy = D9A5EF7C1D1B079F0077C1C0 /* PBXContainerItemProxy */;
		};
		D9A5EF881D1B079F0077C1C0 /* PBXTargetDependency */ = {
			isa = PBXTargetDependency;
			target = D9A5EF661D1B079F0077C1C0 /* Limit */;
			targetProxy = D9A5EF871D1B079F0077C1C0 /* PBXContainerItemProxy */;
		};
		D9F5ED3D1D2B115500482368 /* PBXTargetDependency */ = {
			isa = PBXTargetDependency;
			target = D9F5ED391D2B115500482368 /* Limit WatchOS Extension */;
			targetProxy = D9F5ED3C1D2B115500482368 /* PBXContainerItemProxy */;
		};
		D9F5ED4B1D2B115500482368 /* PBXTargetDependency */ = {
			isa = PBXTargetDependency;
			target = D9F5ED2D1D2B115500482368 /* Limit WatchOS */;
			targetProxy = D9F5ED4A1D2B115500482368 /* PBXContainerItemProxy */;
		};
/* End PBXTargetDependency section */

/* Begin PBXVariantGroup section */
		D9A5EF6E1D1B079F0077C1C0 /* Main.storyboard */ = {
			isa = PBXVariantGroup;
			children = (
				D9A5EF6F1D1B079F0077C1C0 /* Base */,
			);
			name = Main.storyboard;
			sourceTree = "<group>";
		};
		D9A5EF731D1B079F0077C1C0 /* LaunchScreen.storyboard */ = {
			isa = PBXVariantGroup;
			children = (
				D9A5EF741D1B079F0077C1C0 /* Base */,
			);
			name = LaunchScreen.storyboard;
			sourceTree = "<group>";
		};
		D9F5ED301D2B115500482368 /* Interface.storyboard */ = {
			isa = PBXVariantGroup;
			children = (
				D9F5ED311D2B115500482368 /* Base */,
			);
			name = Interface.storyboard;
			sourceTree = "<group>";
		};
/* End PBXVariantGroup section */

/* Begin XCBuildConfiguration section */
		D9A5EF8D1D1B079F0077C1C0 /* Debug */ = {
			isa = XCBuildConfiguration;
			buildSettings = {
				ALWAYS_SEARCH_USER_PATHS = NO;
				CLANG_ANALYZER_NONNULL = YES;
				CLANG_CXX_LANGUAGE_STANDARD = "gnu++0x";
				CLANG_CXX_LIBRARY = "libc++";
				CLANG_ENABLE_MODULES = YES;
				CLANG_ENABLE_OBJC_ARC = YES;
				CLANG_WARN_BOOL_CONVERSION = YES;
				CLANG_WARN_CONSTANT_CONVERSION = YES;
				CLANG_WARN_DIRECT_OBJC_ISA_USAGE = YES_ERROR;
				CLANG_WARN_EMPTY_BODY = YES;
				CLANG_WARN_ENUM_CONVERSION = YES;
				CLANG_WARN_INT_CONVERSION = YES;
				CLANG_WARN_OBJC_ROOT_CLASS = YES_ERROR;
				CLANG_WARN_UNREACHABLE_CODE = YES;
				CLANG_WARN__DUPLICATE_METHOD_MATCH = YES;
				"CODE_SIGN_IDENTITY[sdk=iphoneos*]" = "iPhone Developer";
				COPY_PHASE_STRIP = NO;
				DEBUG_INFORMATION_FORMAT = dwarf;
				ENABLE_STRICT_OBJC_MSGSEND = YES;
				ENABLE_TESTABILITY = YES;
				GCC_C_LANGUAGE_STANDARD = gnu99;
				GCC_DYNAMIC_NO_PIC = NO;
				GCC_NO_COMMON_BLOCKS = YES;
				GCC_OPTIMIZATION_LEVEL = 0;
				GCC_PREPROCESSOR_DEFINITIONS = (
					"DEBUG=1",
					"$(inherited)",
				);
				GCC_WARN_64_TO_32_BIT_CONVERSION = YES;
				GCC_WARN_ABOUT_RETURN_TYPE = YES_ERROR;
				GCC_WARN_UNDECLARED_SELECTOR = YES;
				GCC_WARN_UNINITIALIZED_AUTOS = YES_AGGRESSIVE;
				GCC_WARN_UNUSED_FUNCTION = YES;
				GCC_WARN_UNUSED_VARIABLE = YES;
				IPHONEOS_DEPLOYMENT_TARGET = 9.3;
				MTL_ENABLE_DEBUG_INFO = YES;
				ONLY_ACTIVE_ARCH = YES;
				SDKROOT = iphoneos;
				SWIFT_OPTIMIZATION_LEVEL = "-Onone";
			};
			name = Debug;
		};
		D9A5EF8E1D1B079F0077C1C0 /* Release */ = {
			isa = XCBuildConfiguration;
			buildSettings = {
				ALWAYS_SEARCH_USER_PATHS = NO;
				CLANG_ANALYZER_NONNULL = YES;
				CLANG_CXX_LANGUAGE_STANDARD = "gnu++0x";
				CLANG_CXX_LIBRARY = "libc++";
				CLANG_ENABLE_MODULES = YES;
				CLANG_ENABLE_OBJC_ARC = YES;
				CLANG_WARN_BOOL_CONVERSION = YES;
				CLANG_WARN_CONSTANT_CONVERSION = YES;
				CLANG_WARN_DIRECT_OBJC_ISA_USAGE = YES_ERROR;
				CLANG_WARN_EMPTY_BODY = YES;
				CLANG_WARN_ENUM_CONVERSION = YES;
				CLANG_WARN_INT_CONVERSION = YES;
				CLANG_WARN_OBJC_ROOT_CLASS = YES_ERROR;
				CLANG_WARN_UNREACHABLE_CODE = YES;
				CLANG_WARN__DUPLICATE_METHOD_MATCH = YES;
				"CODE_SIGN_IDENTITY[sdk=iphoneos*]" = "iPhone Developer";
				COPY_PHASE_STRIP = NO;
				DEBUG_INFORMATION_FORMAT = "dwarf-with-dsym";
				ENABLE_NS_ASSERTIONS = NO;
				ENABLE_STRICT_OBJC_MSGSEND = YES;
				GCC_C_LANGUAGE_STANDARD = gnu99;
				GCC_NO_COMMON_BLOCKS = YES;
				GCC_WARN_64_TO_32_BIT_CONVERSION = YES;
				GCC_WARN_ABOUT_RETURN_TYPE = YES_ERROR;
				GCC_WARN_UNDECLARED_SELECTOR = YES;
				GCC_WARN_UNINITIALIZED_AUTOS = YES_AGGRESSIVE;
				GCC_WARN_UNUSED_FUNCTION = YES;
				GCC_WARN_UNUSED_VARIABLE = YES;
				IPHONEOS_DEPLOYMENT_TARGET = 9.3;
				MTL_ENABLE_DEBUG_INFO = NO;
				SDKROOT = iphoneos;
				VALIDATE_PRODUCT = YES;
			};
			name = Release;
		};
		D9A5EF901D1B079F0077C1C0 /* Debug */ = {
			isa = XCBuildConfiguration;
			buildSettings = {
				ASSETCATALOG_COMPILER_APPICON_NAME = AppIcon;
				INFOPLIST_FILE = Limit/Info.plist;
				LD_RUNPATH_SEARCH_PATHS = "$(inherited) @executable_path/Frameworks";
				PRODUCT_BUNDLE_IDENTIFIER = com.limitlabs.Limit;
				PRODUCT_NAME = "$(TARGET_NAME)";
			};
			name = Debug;
		};
		D9A5EF911D1B079F0077C1C0 /* Release */ = {
			isa = XCBuildConfiguration;
			buildSettings = {
				ASSETCATALOG_COMPILER_APPICON_NAME = AppIcon;
				INFOPLIST_FILE = Limit/Info.plist;
				LD_RUNPATH_SEARCH_PATHS = "$(inherited) @executable_path/Frameworks";
				PRODUCT_BUNDLE_IDENTIFIER = com.limitlabs.Limit;
				PRODUCT_NAME = "$(TARGET_NAME)";
			};
			name = Release;
		};
		D9A5EF931D1B079F0077C1C0 /* Debug */ = {
			isa = XCBuildConfiguration;
			buildSettings = {
				BUNDLE_LOADER = "$(TEST_HOST)";
				INFOPLIST_FILE = LimitTests/Info.plist;
				LD_RUNPATH_SEARCH_PATHS = "$(inherited) @executable_path/Frameworks @loader_path/Frameworks";
				PRODUCT_BUNDLE_IDENTIFIER = com.limitlabs.Limit.LimitTests;
				PRODUCT_NAME = "$(TARGET_NAME)";
				TEST_HOST = "$(BUILT_PRODUCTS_DIR)/Limit.app/Limit";
			};
			name = Debug;
		};
		D9A5EF941D1B079F0077C1C0 /* Release */ = {
			isa = XCBuildConfiguration;
			buildSettings = {
				BUNDLE_LOADER = "$(TEST_HOST)";
				INFOPLIST_FILE = LimitTests/Info.plist;
				LD_RUNPATH_SEARCH_PATHS = "$(inherited) @executable_path/Frameworks @loader_path/Frameworks";
				PRODUCT_BUNDLE_IDENTIFIER = com.limitlabs.Limit.LimitTests;
				PRODUCT_NAME = "$(TARGET_NAME)";
				TEST_HOST = "$(BUILT_PRODUCTS_DIR)/Limit.app/Limit";
			};
			name = Release;
		};
		D9A5EF961D1B079F0077C1C0 /* Debug */ = {
			isa = XCBuildConfiguration;
			buildSettings = {
				INFOPLIST_FILE = LimitUITests/Info.plist;
				LD_RUNPATH_SEARCH_PATHS = "$(inherited) @executable_path/Frameworks @loader_path/Frameworks";
				PRODUCT_BUNDLE_IDENTIFIER = com.limitlabs.Limit.LimitUITests;
				PRODUCT_NAME = "$(TARGET_NAME)";
				TEST_TARGET_NAME = Limit;
			};
			name = Debug;
		};
		D9A5EF971D1B079F0077C1C0 /* Release */ = {
			isa = XCBuildConfiguration;
			buildSettings = {
				INFOPLIST_FILE = LimitUITests/Info.plist;
				LD_RUNPATH_SEARCH_PATHS = "$(inherited) @executable_path/Frameworks @loader_path/Frameworks";
				PRODUCT_BUNDLE_IDENTIFIER = com.limitlabs.Limit.LimitUITests;
				PRODUCT_NAME = "$(TARGET_NAME)";
				TEST_TARGET_NAME = Limit;
			};
			name = Release;
		};
		D9F5ED4D1D2B115500482368 /* Debug */ = {
			isa = XCBuildConfiguration;
			buildSettings = {
				ASSETCATALOG_COMPILER_APPICON_NAME = AppIcon;
				EMBEDDED_CONTENT_CONTAINS_SWIFT = YES;
				IBSC_MODULE = Limit_WatchOS_Extension;
				INFOPLIST_FILE = "Limit WatchOS/Info.plist";
				PRODUCT_BUNDLE_IDENTIFIER = com.limitlabs.Limit.watchkitapp;
				PRODUCT_NAME = "$(TARGET_NAME)";
				SDKROOT = watchos;
				SKIP_INSTALL = YES;
				TARGETED_DEVICE_FAMILY = 4;
				WATCHOS_DEPLOYMENT_TARGET = 2.2;
			};
			name = Debug;
		};
		D9F5ED4E1D2B115500482368 /* Release */ = {
			isa = XCBuildConfiguration;
			buildSettings = {
				ASSETCATALOG_COMPILER_APPICON_NAME = AppIcon;
				EMBEDDED_CONTENT_CONTAINS_SWIFT = YES;
				IBSC_MODULE = Limit_WatchOS_Extension;
				INFOPLIST_FILE = "Limit WatchOS/Info.plist";
				PRODUCT_BUNDLE_IDENTIFIER = com.limitlabs.Limit.watchkitapp;
				PRODUCT_NAME = "$(TARGET_NAME)";
				SDKROOT = watchos;
				SKIP_INSTALL = YES;
				TARGETED_DEVICE_FAMILY = 4;
				WATCHOS_DEPLOYMENT_TARGET = 2.2;
			};
			name = Release;
		};
		D9F5ED4F1D2B115500482368 /* Debug */ = {
			isa = XCBuildConfiguration;
			buildSettings = {
				INFOPLIST_FILE = "Limit WatchOS Extension/Info.plist";
				LD_RUNPATH_SEARCH_PATHS = "$(inherited) @executable_path/Frameworks @executable_path/../../Frameworks";
				PRODUCT_BUNDLE_IDENTIFIER = com.limitlabs.Limit.watchkitapp.watchkitextension;
				PRODUCT_NAME = "${TARGET_NAME}";
				SDKROOT = watchos;
				SKIP_INSTALL = YES;
				TARGETED_DEVICE_FAMILY = 4;
				WATCHOS_DEPLOYMENT_TARGET = 2.2;
			};
			name = Debug;
		};
		D9F5ED501D2B115500482368 /* Release */ = {
			isa = XCBuildConfiguration;
			buildSettings = {
				INFOPLIST_FILE = "Limit WatchOS Extension/Info.plist";
				LD_RUNPATH_SEARCH_PATHS = "$(inherited) @executable_path/Frameworks @executable_path/../../Frameworks";
				PRODUCT_BUNDLE_IDENTIFIER = com.limitlabs.Limit.watchkitapp.watchkitextension;
				PRODUCT_NAME = "${TARGET_NAME}";
				SDKROOT = watchos;
				SKIP_INSTALL = YES;
				TARGETED_DEVICE_FAMILY = 4;
				WATCHOS_DEPLOYMENT_TARGET = 2.2;
			};
			name = Release;
		};
/* End XCBuildConfiguration section */

/* Begin XCConfigurationList section */
		D9A5EF621D1B079E0077C1C0 /* Build configuration list for PBXProject "Limit" */ = {
			isa = XCConfigurationList;
			buildConfigurations = (
				D9A5EF8D1D1B079F0077C1C0 /* Debug */,
				D9A5EF8E1D1B079F0077C1C0 /* Release */,
			);
			defaultConfigurationIsVisible = 0;
			defaultConfigurationName = Release;
		};
		D9A5EF8F1D1B079F0077C1C0 /* Build configuration list for PBXNativeTarget "Limit" */ = {
			isa = XCConfigurationList;
			buildConfigurations = (
				D9A5EF901D1B079F0077C1C0 /* Debug */,
				D9A5EF911D1B079F0077C1C0 /* Release */,
			);
			defaultConfigurationIsVisible = 0;
			defaultConfigurationName = Release;
		};
		D9A5EF921D1B079F0077C1C0 /* Build configuration list for PBXNativeTarget "LimitTests" */ = {
			isa = XCConfigurationList;
			buildConfigurations = (
				D9A5EF931D1B079F0077C1C0 /* Debug */,
				D9A5EF941D1B079F0077C1C0 /* Release */,
			);
			defaultConfigurationIsVisible = 0;
			defaultConfigurationName = Release;
		};
		D9A5EF951D1B079F0077C1C0 /* Build configuration list for PBXNativeTarget "LimitUITests" */ = {
			isa = XCConfigurationList;
			buildConfigurations = (
				D9A5EF961D1B079F0077C1C0 /* Debug */,
				D9A5EF971D1B079F0077C1C0 /* Release */,
			);
			defaultConfigurationIsVisible = 0;
			defaultConfigurationName = Release;
		};
		D9F5ED511D2B115500482368 /* Build configuration list for PBXNativeTarget "Limit WatchOS Extension" */ = {
			isa = XCConfigurationList;
			buildConfigurations = (
				D9F5ED4F1D2B115500482368 /* Debug */,
				D9F5ED501D2B115500482368 /* Release */,
			);
			defaultConfigurationIsVisible = 0;
			defaultConfigurationName = Release;
		};
		D9F5ED531D2B115500482368 /* Build configuration list for PBXNativeTarget "Limit WatchOS" */ = {
			isa = XCConfigurationList;
			buildConfigurations = (
				D9F5ED4D1D2B115500482368 /* Debug */,
				D9F5ED4E1D2B115500482368 /* Release */,
			);
			defaultConfigurationIsVisible = 0;
			defaultConfigurationName = Release;
		};
/* End XCConfigurationList section */
	};
	rootObject = D9A5EF5F1D1B079E0077C1C0 /* Project object */;
}
